// !$*UTF8*$!
{
	archiveVersion = 1;
	classes = {
	};
	objectVersion = 50;
	objects = {

/* Begin PBXBuildFile section */
		940DF558245737F400219CBF /* SentMemesTableViewCell.swift in Sources */ = {isa = PBXBuildFile; fileRef = 940DF556245737F400219CBF /* SentMemesTableViewCell.swift */; };
		940DF559245737F400219CBF /* SentMemesTableViewCell.xib in Resources */ = {isa = PBXBuildFile; fileRef = 940DF557245737F400219CBF /* SentMemesTableViewCell.xib */; };
		940DF55B24578C4300219CBF /* MemeDetailVC.swift in Sources */ = {isa = PBXBuildFile; fileRef = 940DF55A24578C4300219CBF /* MemeDetailVC.swift */; };
		94247E2F245625CE006DAF33 /* SentMemesTableViewController.swift in Sources */ = {isa = PBXBuildFile; fileRef = 94247E2E245625CE006DAF33 /* SentMemesTableViewController.swift */; };
		94247E312456262E006DAF33 /* SentMemesCollectionViewController.swift in Sources */ = {isa = PBXBuildFile; fileRef = 94247E302456262E006DAF33 /* SentMemesCollectionViewController.swift */; };
		94247E332456F429006DAF33 /* SentMemesCollectionViewCell.swift in Sources */ = {isa = PBXBuildFile; fileRef = 94247E322456F429006DAF33 /* SentMemesCollectionViewCell.swift */; };
		94CB60C022B4153E0074A08A /* Meme.swift in Sources */ = {isa = PBXBuildFile; fileRef = 94CB60BF22B4153E0074A08A /* Meme.swift */; };
		94E8638D22B0389F00A4D2B9 /* AppDelegate.swift in Sources */ = {isa = PBXBuildFile; fileRef = 94E8638C22B0389F00A4D2B9 /* AppDelegate.swift */; };
		94E8638F22B0389F00A4D2B9 /* CreateMemeViewController.swift in Sources */ = {isa = PBXBuildFile; fileRef = 94E8638E22B0389F00A4D2B9 /* CreateMemeViewController.swift */; };
		94E8639222B0389F00A4D2B9 /* Main.storyboard in Resources */ = {isa = PBXBuildFile; fileRef = 94E8639022B0389F00A4D2B9 /* Main.storyboard */; };
		94E8639422B038A000A4D2B9 /* Assets.xcassets in Resources */ = {isa = PBXBuildFile; fileRef = 94E8639322B038A000A4D2B9 /* Assets.xcassets */; };
		94E8639722B038A000A4D2B9 /* LaunchScreen.storyboard in Resources */ = {isa = PBXBuildFile; fileRef = 94E8639522B038A000A4D2B9 /* LaunchScreen.storyboard */; };
/* End PBXBuildFile section */

/* Begin PBXFileReference section */
		940DF556245737F400219CBF /* SentMemesTableViewCell.swift */ = {isa = PBXFileReference; lastKnownFileType = sourcecode.swift; path = SentMemesTableViewCell.swift; sourceTree = "<group>"; };
		940DF557245737F400219CBF /* SentMemesTableViewCell.xib */ = {isa = PBXFileReference; lastKnownFileType = file.xib; path = SentMemesTableViewCell.xib; sourceTree = "<group>"; };
		940DF55A24578C4300219CBF /* MemeDetailVC.swift */ = {isa = PBXFileReference; lastKnownFileType = sourcecode.swift; path = MemeDetailVC.swift; sourceTree = "<group>"; };
		94247E2E245625CE006DAF33 /* SentMemesTableViewController.swift */ = {isa = PBXFileReference; lastKnownFileType = sourcecode.swift; path = SentMemesTableViewController.swift; sourceTree = "<group>"; };
		94247E302456262E006DAF33 /* SentMemesCollectionViewController.swift */ = {isa = PBXFileReference; lastKnownFileType = sourcecode.swift; path = SentMemesCollectionViewController.swift; sourceTree = "<group>"; };
		94247E322456F429006DAF33 /* SentMemesCollectionViewCell.swift */ = {isa = PBXFileReference; lastKnownFileType = sourcecode.swift; path = SentMemesCollectionViewCell.swift; sourceTree = "<group>"; };
		94CB60BF22B4153E0074A08A /* Meme.swift */ = {isa = PBXFileReference; lastKnownFileType = sourcecode.swift; path = Meme.swift; sourceTree = "<group>"; };
		94E8638922B0389F00A4D2B9 /* Meme Mania.app */ = {isa = PBXFileReference; explicitFileType = wrapper.application; includeInIndex = 0; path = "Meme Mania.app"; sourceTree = BUILT_PRODUCTS_DIR; };
		94E8638C22B0389F00A4D2B9 /* AppDelegate.swift */ = {isa = PBXFileReference; lastKnownFileType = sourcecode.swift; path = AppDelegate.swift; sourceTree = "<group>"; };
		94E8638E22B0389F00A4D2B9 /* CreateMemeViewController.swift */ = {isa = PBXFileReference; lastKnownFileType = sourcecode.swift; lineEnding = 0; path = CreateMemeViewController.swift; sourceTree = "<group>"; };
		94E8639122B0389F00A4D2B9 /* Base */ = {isa = PBXFileReference; lastKnownFileType = file.storyboard; name = Base; path = Base.lproj/Main.storyboard; sourceTree = "<group>"; };
		94E8639322B038A000A4D2B9 /* Assets.xcassets */ = {isa = PBXFileReference; lastKnownFileType = folder.assetcatalog; path = Assets.xcassets; sourceTree = "<group>"; };
		94E8639622B038A000A4D2B9 /* Base */ = {isa = PBXFileReference; lastKnownFileType = file.storyboard; name = Base; path = Base.lproj/LaunchScreen.storyboard; sourceTree = "<group>"; };
		94E8639822B038A000A4D2B9 /* Info.plist */ = {isa = PBXFileReference; lastKnownFileType = text.plist.xml; path = Info.plist; sourceTree = "<group>"; };
/* End PBXFileReference section */

/* Begin PBXFrameworksBuildPhase section */
		94E8638622B0389F00A4D2B9 /* Frameworks */ = {
			isa = PBXFrameworksBuildPhase;
			buildActionMask = 2147483647;
			files = (
			);
			runOnlyForDeploymentPostprocessing = 0;
		};
/* End PBXFrameworksBuildPhase section */

/* Begin PBXGroup section */
		940DF55D245794C000219CBF /* Data Model */ = {
			isa = PBXGroup;
			children = (
				94CB60BF22B4153E0074A08A /* Meme.swift */,
				94247E322456F429006DAF33 /* SentMemesCollectionViewCell.swift */,
				940DF556245737F400219CBF /* SentMemesTableViewCell.swift */,
			);
			name = "Data Model";
			sourceTree = "<group>";
		};
		940DF55E2457950600219CBF /* View */ = {
			isa = PBXGroup;
			children = (
				94E8639022B0389F00A4D2B9 /* Main.storyboard */,
				940DF557245737F400219CBF /* SentMemesTableViewCell.xib */,
			);
			path = View;
			sourceTree = "<group>";
		};
		940DF55F2457955200219CBF /* Controller */ = {
			isa = PBXGroup;
			children = (
				94E8638E22B0389F00A4D2B9 /* CreateMemeViewController.swift */,
				94247E2E245625CE006DAF33 /* SentMemesTableViewController.swift */,
				94247E302456262E006DAF33 /* SentMemesCollectionViewController.swift */,
				940DF55A24578C4300219CBF /* MemeDetailVC.swift */,
			);
			name = Controller;
			sourceTree = "<group>";
		};
		94E8638022B0389F00A4D2B9 = {
			isa = PBXGroup;
			children = (
				94E8638B22B0389F00A4D2B9 /* Meme Mania */,
				94E8638A22B0389F00A4D2B9 /* Products */,
			);
			sourceTree = "<group>";
		};
		94E8638A22B0389F00A4D2B9 /* Products */ = {
			isa = PBXGroup;
			children = (
				94E8638922B0389F00A4D2B9 /* Meme Mania.app */,
			);
			name = Products;
			sourceTree = "<group>";
		};
		94E8638B22B0389F00A4D2B9 /* Meme Mania */ = {
			isa = PBXGroup;
			children = (
				94E8638C22B0389F00A4D2B9 /* AppDelegate.swift */,
				940DF55F2457955200219CBF /* Controller */,
				940DF55D245794C000219CBF /* Data Model */,
				940DF55E2457950600219CBF /* View */,
				94E8639322B038A000A4D2B9 /* Assets.xcassets */,
				94E8639522B038A000A4D2B9 /* LaunchScreen.storyboard */,
				94E8639822B038A000A4D2B9 /* Info.plist */,
			);
			path = "Meme Mania";
			sourceTree = "<group>";
		};
/* End PBXGroup section */

/* Begin PBXNativeTarget section */
		94E8638822B0389F00A4D2B9 /* Meme Mania */ = {
			isa = PBXNativeTarget;
			buildConfigurationList = 94E8639B22B038A000A4D2B9 /* Build configuration list for PBXNativeTarget "Meme Mania" */;
			buildPhases = (
				94E8638522B0389F00A4D2B9 /* Sources */,
				94E8638622B0389F00A4D2B9 /* Frameworks */,
				94E8638722B0389F00A4D2B9 /* Resources */,
			);
			buildRules = (
			);
			dependencies = (
			);
			name = "Meme Mania";
			productName = "Meme Mania";
			productReference = 94E8638922B0389F00A4D2B9 /* Meme Mania.app */;
			productType = "com.apple.product-type.application";
		};
/* End PBXNativeTarget section */

/* Begin PBXProject section */
		94E8638122B0389F00A4D2B9 /* Project object */ = {
			isa = PBXProject;
			attributes = {
				LastSwiftUpdateCheck = 0940;
				LastUpgradeCheck = 0940;
				ORGANIZATIONNAME = "Fiza Rasool";
				TargetAttributes = {
					94E8638822B0389F00A4D2B9 = {
						CreatedOnToolsVersion = 9.4.1;
					};
				};
			};
			buildConfigurationList = 94E8638422B0389F00A4D2B9 /* Build configuration list for PBXProject "Meme Mania" */;
			compatibilityVersion = "Xcode 9.3";
			developmentRegion = en;
			hasScannedForEncodings = 0;
			knownRegions = (
				en,
				Base,
			);
			mainGroup = 94E8638022B0389F00A4D2B9;
			productRefGroup = 94E8638A22B0389F00A4D2B9 /* Products */;
			projectDirPath = "";
			projectRoot = "";
			targets = (
				94E8638822B0389F00A4D2B9 /* Meme Mania */,
			);
		};
/* End PBXProject section */

/* Begin PBXResourcesBuildPhase section */
		94E8638722B0389F00A4D2B9 /* Resources */ = {
			isa = PBXResourcesBuildPhase;
			buildActionMask = 2147483647;
			files = (
				94E8639722B038A000A4D2B9 /* LaunchScreen.storyboard in Resources */,
				94E8639422B038A000A4D2B9 /* Assets.xcassets in Resources */,
				94E8639222B0389F00A4D2B9 /* Main.storyboard in Resources */,
				940DF559245737F400219CBF /* SentMemesTableViewCell.xib in Resources */,
			);
			runOnlyForDeploymentPostprocessing = 0;
		};
/* End PBXResourcesBuildPhase section */

/* Begin PBXSourcesBuildPhase section */
		94E8638522B0389F00A4D2B9 /* Sources */ = {
			isa = PBXSourcesBuildPhase;
			buildActionMask = 2147483647;
			files = (
				94CB60C022B4153E0074A08A /* Meme.swift in Sources */,
				94247E2F245625CE006DAF33 /* SentMemesTableViewController.swift in Sources */,
				94247E312456262E006DAF33 /* SentMemesCollectionViewController.swift in Sources */,
				940DF558245737F400219CBF /* SentMemesTableViewCell.swift in Sources */,
				94E8638F22B0389F00A4D2B9 /* CreateMemeViewController.swift in Sources */,
				940DF55B24578C4300219CBF /* MemeDetailVC.swift in Sources */,
				94247E332456F429006DAF33 /* SentMemesCollectionViewCell.swift in Sources */,
				94E8638D22B0389F00A4D2B9 /* AppDelegate.swift in Sources */,
			);
			runOnlyForDeploymentPostprocessing = 0;
		};
/* End PBXSourcesBuildPhase section */

/* Begin PBXVariantGroup section */
		94E8639022B0389F00A4D2B9 /* Main.storyboard */ = {
			isa = PBXVariantGroup;
			children = (
				94E8639122B0389F00A4D2B9 /* Base */,
			);
			name = Main.storyboard;
			sourceTree = "<group>";
		};
		94E8639522B038A000A4D2B9 /* LaunchScreen.storyboard */ = {
			isa = PBXVariantGroup;
			children = (
				94E8639622B038A000A4D2B9 /* Base */,
			);
			name = LaunchScreen.storyboard;
			sourceTree = "<group>";
		};
/* End PBXVariantGroup section */

/* Begin XCBuildConfiguration section */
		94E8639922B038A000A4D2B9 /* Debug */ = {
			isa = XCBuildConfiguration;
			buildSettings = {
				ALWAYS_SEARCH_USER_PATHS = NO;
				CLANG_ANALYZER_NONNULL = YES;
				CLANG_ANALYZER_NUMBER_OBJECT_CONVERSION = YES_AGGRESSIVE;
				CLANG_CXX_LANGUAGE_STANDARD = "gnu++14";
				CLANG_CXX_LIBRARY = "libc++";
				CLANG_ENABLE_MODULES = YES;
				CLANG_ENABLE_OBJC_ARC = YES;
				CLANG_ENABLE_OBJC_WEAK = YES;
				CLANG_WARN_BLOCK_CAPTURE_AUTORELEASING = YES;
				CLANG_WARN_BOOL_CONVERSION = YES;
				CLANG_WARN_COMMA = YES;
				CLANG_WARN_CONSTANT_CONVERSION = YES;
				CLANG_WARN_DEPRECATED_OBJC_IMPLEMENTATIONS = YES;
				CLANG_WARN_DIRECT_OBJC_ISA_USAGE = YES_ERROR;
				CLANG_WARN_DOCUMENTATION_COMMENTS = YES;
				CLANG_WARN_EMPTY_BODY = YES;
				CLANG_WARN_ENUM_CONVERSION = YES;
				CLANG_WARN_INFINITE_RECURSION = YES;
				CLANG_WARN_INT_CONVERSION = YES;
				CLANG_WARN_NON_LITERAL_NULL_CONVERSION = YES;
				CLANG_WARN_OBJC_IMPLICIT_RETAIN_SELF = YES;
				CLANG_WARN_OBJC_LITERAL_CONVERSION = YES;
				CLANG_WARN_OBJC_ROOT_CLASS = YES_ERROR;
				CLANG_WARN_RANGE_LOOP_ANALYSIS = YES;
				CLANG_WARN_STRICT_PROTOTYPES = YES;
				CLANG_WARN_SUSPICIOUS_MOVE = YES;
				CLANG_WARN_UNGUARDED_AVAILABILITY = YES_AGGRESSIVE;
				CLANG_WARN_UNREACHABLE_CODE = YES;
				CLANG_WARN__DUPLICATE_METHOD_MATCH = YES;
				CODE_SIGN_IDENTITY = "iPhone Developer";
				COPY_PHASE_STRIP = NO;
				DEBUG_INFORMATION_FORMAT = dwarf;
				ENABLE_STRICT_OBJC_MSGSEND = YES;
				ENABLE_TESTABILITY = YES;
				GCC_C_LANGUAGE_STANDARD = gnu11;
				GCC_DYNAMIC_NO_PIC = NO;
				GCC_NO_COMMON_BLOCKS = YES;
				GCC_OPTIMIZATION_LEVEL = 0;
				GCC_PREPROCESSOR_DEFINITIONS = (
					"DEBUG=1",
					"$(inherited)",
				);
				GCC_WARN_64_TO_32_BIT_CONVERSION = YES;
				GCC_WARN_ABOUT_RETURN_TYPE = YES_ERROR;
				GCC_WARN_UNDECLARED_SELECTOR = YES;
				GCC_WARN_UNINITIALIZED_AUTOS = YES_AGGRESSIVE;
				GCC_WARN_UNUSED_FUNCTION = YES;
				GCC_WARN_UNUSED_VARIABLE = YES;
				IPHONEOS_DEPLOYMENT_TARGET = 11.4;
				MTL_ENABLE_DEBUG_INFO = YES;
				ONLY_ACTIVE_ARCH = YES;
				SDKROOT = iphoneos;
				SWIFT_ACTIVE_COMPILATION_CONDITIONS = DEBUG;
				SWIFT_OPTIMIZATION_LEVEL = "-Onone";
			};
			name = Debug;
		};
		94E8639A22B038A000A4D2B9 /* Release */ = {
			isa = XCBuildConfiguration;
			buildSettings = {
				ALWAYS_SEARCH_USER_PATHS = NO;
				CLANG_ANALYZER_NONNULL = YES;
				CLANG_ANALYZER_NUMBER_OBJECT_CONVERSION = YES_AGGRESSIVE;
				CLANG_CXX_LANGUAGE_STANDARD = "gnu++14";
				CLANG_CXX_LIBRARY = "libc++";
				CLANG_ENABLE_MODULES = YES;
				CLANG_ENABLE_OBJC_ARC = YES;
				CLANG_ENABLE_OBJC_WEAK = YES;
				CLANG_WARN_BLOCK_CAPTURE_AUTORELEASING = YES;
				CLANG_WARN_BOOL_CONVERSION = YES;
				CLANG_WARN_COMMA = YES;
				CLANG_WARN_CONSTANT_CONVERSION = YES;
				CLANG_WARN_DEPRECATED_OBJC_IMPLEMENTATIONS = YES;
				CLANG_WARN_DIRECT_OBJC_ISA_USAGE = YES_ERROR;
				CLANG_WARN_DOCUMENTATION_COMMENTS = YES;
				CLANG_WARN_EMPTY_BODY = YES;
				CLANG_WARN_ENUM_CONVERSION = YES;
				CLANG_WARN_INFINITE_RECURSION = YES;
				CLANG_WARN_INT_CONVERSION = YES;
				CLANG_WARN_NON_LITERAL_NULL_CONVERSION = YES;
				CLANG_WARN_OBJC_IMPLICIT_RETAIN_SELF = YES;
				CLANG_WARN_OBJC_LITERAL_CONVERSION = YES;
				CLANG_WARN_OBJC_ROOT_CLASS = YES_ERROR;
				CLANG_WARN_RANGE_LOOP_ANALYSIS = YES;
				CLANG_WARN_STRICT_PROTOTYPES = YES;
				CLANG_WARN_SUSPICIOUS_MOVE = YES;
				CLANG_WARN_UNGUARDED_AVAILABILITY = YES_AGGRESSIVE;
				CLANG_WARN_UNREACHABLE_CODE = YES;
				CLANG_WARN__DUPLICATE_METHOD_MATCH = YES;
				CODE_SIGN_IDENTITY = "iPhone Developer";
				COPY_PHASE_STRIP = NO;
				DEBUG_INFORMATION_FORMAT = "dwarf-with-dsym";
				ENABLE_NS_ASSERTIONS = NO;
				ENABLE_STRICT_OBJC_MSGSEND = YES;
				GCC_C_LANGUAGE_STANDARD = gnu11;
				GCC_NO_COMMON_BLOCKS = YES;
				GCC_WARN_64_TO_32_BIT_CONVERSION = YES;
				GCC_WARN_ABOUT_RETURN_TYPE = YES_ERROR;
				GCC_WARN_UNDECLARED_SELECTOR = YES;
				GCC_WARN_UNINITIALIZED_AUTOS = YES_AGGRESSIVE;
				GCC_WARN_UNUSED_FUNCTION = YES;
				GCC_WARN_UNUSED_VARIABLE = YES;
				IPHONEOS_DEPLOYMENT_TARGET = 11.4;
				MTL_ENABLE_DEBUG_INFO = NO;
				SDKROOT = iphoneos;
				SWIFT_COMPILATION_MODE = wholemodule;
				SWIFT_OPTIMIZATION_LEVEL = "-O";
				VALIDATE_PRODUCT = YES;
			};
			name = Release;
		};
		94E8639C22B038A000A4D2B9 /* Debug */ = {
			isa = XCBuildConfiguration;
			buildSettings = {
				ASSETCATALOG_COMPILER_APPICON_NAME = AppIcon;
				CODE_SIGN_STYLE = Automatic;
				DEVELOPMENT_TEAM = FL289G482T;
				INFOPLIST_FILE = "Meme Mania/Info.plist";
				LD_RUNPATH_SEARCH_PATHS = (
					"$(inherited)",
					"@executable_path/Frameworks",
				);
				PRODUCT_BUNDLE_IDENTIFIER = "com.FizaRasool.Meme-Mania";
				PRODUCT_NAME = "$(TARGET_NAME)";
				SWIFT_VERSION = 4.0;
				TARGETED_DEVICE_FAMILY = "1,2";
			};
			name = Debug;
		};
		94E8639D22B038A000A4D2B9 /* Release */ = {
			isa = XCBuildConfiguration;
			buildSettings = {
				ASSETCATALOG_COMPILER_APPICON_NAME = AppIcon;
				CODE_SIGN_STYLE = Automatic;
				DEVELOPMENT_TEAM = FL289G482T;
				INFOPLIST_FILE = "Meme Mania/Info.plist";
				LD_RUNPATH_SEARCH_PATHS = (
					"$(inherited)",
					"@executable_path/Frameworks",
				);
				PRODUCT_BUNDLE_IDENTIFIER = "com.FizaRasool.Meme-Mania";
				PRODUCT_NAME = "$(TARGET_NAME)";
				SWIFT_VERSION = 4.0;
				TARGETED_DEVICE_FAMILY = "1,2";
			};
			name = Release;
		};
/* End XCBuildConfiguration section */

/* Begin XCConfigurationList section */
		94E8638422B0389F00A4D2B9 /* Build configuration list for PBXProject "Meme Mania" */ = {
			isa = XCConfigurationList;
			buildConfigurations = (
				94E8639922B038A000A4D2B9 /* Debug */,
				94E8639A22B038A000A4D2B9 /* Release */,
			);
			defaultConfigurationIsVisible = 0;
			defaultConfigurationName = Release;
		};
		94E8639B22B038A000A4D2B9 /* Build configuration list for PBXNativeTarget "Meme Mania" */ = {
			isa = XCConfigurationList;
			buildConfigurations = (
				94E8639C22B038A000A4D2B9 /* Debug */,
				94E8639D22B038A000A4D2B9 /* Release */,
			);
			defaultConfigurationIsVisible = 0;
			defaultConfigurationName = Release;
		};
/* End XCConfigurationList section */
	};
	rootObject = 94E8638122B0389F00A4D2B9 /* Project object */;
}
